
Microsoft Visual Studio Solution File, Format Version 12.00
# Visual Studio 14
VisualStudioVersion = 14.0.25420.1
MinimumVisualStudioVersion = 10.0.40219.1
Project("{FAE04EC0-301F-11D3-BF4B-00C04F79EFBC}") = "Objects_Library", "Objects_Library\Objects_Library.csproj", "{13692D1F-15DA-41F8-9D47-6E135AC5250E}"
EndProject
Project("{FAE04EC0-301F-11D3-BF4B-00C04F79EFBC}") = "Tests", "Tests\Tests.csproj", "{ED07D259-C092-4937-B20E-7A0B005701DE}"
EndProject
Global
	GlobalSection(SolutionConfigurationPlatforms) = preSolution
		Debug|Any CPU = Debug|Any CPU
		Release|Any CPU = Release|Any CPU
	EndGlobalSection
	GlobalSection(ProjectConfigurationPlatforms) = postSolution
		{13692D1F-15DA-41F8-9D47-6E135AC5250E}.Debug|Any CPU.ActiveCfg = Debug|Any CPU
		{13692D1F-15DA-41F8-9D47-6E135AC5250E}.Debug|Any CPU.Build.0 = Debug|Any CPU
		{13692D1F-15DA-41F8-9D47-6E135AC5250E}.Release|Any CPU.ActiveCfg = Release|Any CPU
		{13692D1F-15DA-41F8-9D47-6E135AC5250E}.Release|Any CPU.Build.0 = Release|Any CPU
		{ED07D259-C092-4937-B20E-7A0B005701DE}.Debug|Any CPU.ActiveCfg = Debug|Any CPU
		{ED07D259-C092-4937-B20E-7A0B005701DE}.Debug|Any CPU.Build.0 = Debug|Any CPU
		{ED07D259-C092-4937-B20E-7A0B005701DE}.Release|Any CPU.ActiveCfg = Release|Any CPU
		{ED07D259-C092-4937-B20E-7A0B005701DE}.Release|Any CPU.Build.0 = Release|Any CPU
	EndGlobalSection
	GlobalSection(SolutionProperties) = preSolution
		HideSolutionNode = FALSE
	EndGlobalSection
EndGlobal
